<?xml version="1.0" encoding="utf-8"?>
<Project ToolsVersion="4.0" xmlns="http://schemas.microsoft.com/developer/msbuild/2003">
  <ItemGroup>
    <ClCompile Include="TestDEAndPKB.cpp">
      <Filter>Source Files</Filter>
    </ClCompile>
    <ClCompile Include="TestExtensionsDEAndPKB.cpp">
      <Filter>Source Files</Filter>
    </ClCompile>
    <ClCompile Include="TestPQLandPKB.cpp">
      <Filter>Source Files</Filter>
    </ClCompile>
    <ClCompile Include="stdafx.cpp">
      <Filter>Source Files</Filter>
    </ClCompile>
  </ItemGroup>
  <ItemGroup>
    <ClInclude Include="stdafx.h">
      <Filter>Header Files</Filter>
    </ClInclude>
    <ClInclude Include="targetver.h">
      <Filter>Header Files</Filter>
    </ClInclude>
  </ItemGroup>
  <ItemGroup>
    <Filter Include="Header Files">
      <UniqueIdentifier>{49d598e5-ebe6-4966-b703-1d5d5985632c}</UniqueIdentifier>
    </Filter>
    <Filter Include="Source Files">
      <UniqueIdentifier>{1a228964-7645-4fea-b45b-38f843d7ede2}</UniqueIdentifier>
    </Filter>
    <Filter Include="Resource Files">
      <UniqueIdentifier>{13ec41fc-5e41-4d8a-ac2a-ab43189a011e}</UniqueIdentifier>
    </Filter>
  </ItemGroup>
</Project>